
Microsoft Visual Studio Solution File, Format Version 12.00
# Visual Studio Version 16
VisualStudioVersion = 16.0.29215.179
MinimumVisualStudioVersion = 10.0.40219.1
Project("{FAE04EC0-301F-11D3-BF4B-00C04F79EFBC}") = "App8.UWP", "App8\App8.UWP\App8.UWP.csproj", "{D47ACCC3-6613-445E-9D3E-29BEC1E892A6}"
EndProject
Project("{FAE04EC0-301F-11D3-BF4B-00C04F79EFBC}") = "App8.Android", "App8\App8.Android\App8.Android.csproj", "{C64D00BC-9E54-4974-A9CF-76803DF9B062}"
EndProject
Project("{FAE04EC0-301F-11D3-BF4B-00C04F79EFBC}") = "App8.iOS", "App8\App8.iOS\App8.iOS.csproj", "{59C68A0A-B3E2-441E-8EE5-D188774ED14D}"
EndProject
Project("{9A19103F-16F7-4668-BE54-9A1E7A4F7556}") = "App8", "App8\App8\App8.csproj", "{D378A8D1-E9BD-492E-B926-7EBED5C58CD3}"
EndProject
Global
	GlobalSection(SolutionConfigurationPlatforms) = preSolution
		Debug|Any CPU = Debug|Any CPU
		Debug|ARM = Debug|ARM
		Debug|iPhone = Debug|iPhone
		Debug|iPhoneSimulator = Debug|iPhoneSimulator
		Debug|x64 = Debug|x64
		Debug|x86 = Debug|x86
		Release|Any CPU = Release|Any CPU
		Release|ARM = Release|ARM
		Release|iPhone = Release|iPhone
		Release|iPhoneSimulator = Release|iPhoneSimulator
		Release|x64 = Release|x64
		Release|x86 = Release|x86
	EndGlobalSection
	GlobalSection(ProjectConfigurationPlatforms) = postSolution
		{D47ACCC3-6613-445E-9D3E-29BEC1E892A6}.Debug|Any CPU.ActiveCfg = Debug|x86
		{D47ACCC3-6613-445E-9D3E-29BEC1E892A6}.Debug|Any CPU.Build.0 = Debug|x86
		{D47ACCC3-6613-445E-9D3E-29BEC1E892A6}.Debug|Any CPU.Deploy.0 = Debug|x86
		{D47ACCC3-6613-445E-9D3E-29BEC1E892A6}.Debug|ARM.ActiveCfg = Debug|ARM
		{D47ACCC3-6613-445E-9D3E-29BEC1E892A6}.Debug|ARM.Build.0 = Debug|ARM
		{D47ACCC3-6613-445E-9D3E-29BEC1E892A6}.Debug|ARM.Deploy.0 = Debug|ARM
		{D47ACCC3-6613-445E-9D3E-29BEC1E892A6}.Debug|iPhone.ActiveCfg = Debug|x86
		{D47ACCC3-6613-445E-9D3E-29BEC1E892A6}.Debug|iPhone.Build.0 = Debug|x86
		{D47ACCC3-6613-445E-9D3E-29BEC1E892A6}.Debug|iPhone.Deploy.0 = Debug|x86
		{D47ACCC3-6613-445E-9D3E-29BEC1E892A6}.Debug|iPhoneSimulator.ActiveCfg = Debug|x86
		{D47ACCC3-6613-445E-9D3E-29BEC1E892A6}.Debug|iPhoneSimulator.Build.0 = Debug|x86
		{D47ACCC3-6613-445E-9D3E-29BEC1E892A6}.Debug|iPhoneSimulator.Deploy.0 = Debug|x86
		{D47ACCC3-6613-445E-9D3E-29BEC1E892A6}.Debug|x64.ActiveCfg = Debug|x64
		{D47ACCC3-6613-445E-9D3E-29BEC1E892A6}.Debug|x64.Build.0 = Debug|x64
		{D47ACCC3-6613-445E-9D3E-29BEC1E892A6}.Debug|x64.Deploy.0 = Debug|x64
		{D47ACCC3-6613-445E-9D3E-29BEC1E892A6}.Debug|x86.ActiveCfg = Debug|x86
		{D47ACCC3-6613-445E-9D3E-29BEC1E892A6}.Debug|x86.Build.0 = Debug|x86
		{D47ACCC3-6613-445E-9D3E-29BEC1E892A6}.Debug|x86.Deploy.0 = Debug|x86
		{D47ACCC3-6613-445E-9D3E-29BEC1E892A6}.Release|Any CPU.ActiveCfg = Release|x86
		{D47ACCC3-6613-445E-9D3E-29BEC1E892A6}.Release|Any CPU.Build.0 = Release|x86
		{D47ACCC3-6613-445E-9D3E-29BEC1E892A6}.Release|Any CPU.Deploy.0 = Release|x86
		{D47ACCC3-6613-445E-9D3E-29BEC1E892A6}.Release|ARM.ActiveCfg = Release|ARM
		{D47ACCC3-6613-445E-9D3E-29BEC1E892A6}.Release|ARM.Build.0 = Release|ARM
		{D47ACCC3-6613-445E-9D3E-29BEC1E892A6}.Release|ARM.Deploy.0 = Release|ARM
		{D47ACCC3-6613-445E-9D3E-29BEC1E892A6}.Release|iPhone.ActiveCfg = Release|x86
		{D47ACCC3-6613-445E-9D3E-29BEC1E892A6}.Release|iPhone.Build.0 = Release|x86
		{D47ACCC3-6613-445E-9D3E-29BEC1E892A6}.Release|iPhone.Deploy.0 = Release|x86
		{D47ACCC3-6613-445E-9D3E-29BEC1E892A6}.Release|iPhoneSimulator.ActiveCfg = Release|x86
		{D47ACCC3-6613-445E-9D3E-29BEC1E892A6}.Release|iPhoneSimulator.Build.0 = Release|x86
		{D47ACCC3-6613-445E-9D3E-29BEC1E892A6}.Release|iPhoneSimulator.Deploy.0 = Release|x86
		{D47ACCC3-6613-445E-9D3E-29BEC1E892A6}.Release|x64.ActiveCfg = Release|x64
		{D47ACCC3-6613-445E-9D3E-29BEC1E892A6}.Release|x64.Build.0 = Release|x64
		{D47ACCC3-6613-445E-9D3E-29BEC1E892A6}.Release|x64.Deploy.0 = Release|x64
		{D47ACCC3-6613-445E-9D3E-29BEC1E892A6}.Release|x86.ActiveCfg = Release|x86
		{D47ACCC3-6613-445E-9D3E-29BEC1E892A6}.Release|x86.Build.0 = Release|x86
		{D47ACCC3-6613-445E-9D3E-29BEC1E892A6}.Release|x86.Deploy.0 = Release|x86
		{C64D00BC-9E54-4974-A9CF-76803DF9B062}.Debug|Any CPU.ActiveCfg = Debug|Any CPU
		{C64D00BC-9E54-4974-A9CF-76803DF9B062}.Debug|Any CPU.Build.0 = Debug|Any CPU
		{C64D00BC-9E54-4974-A9CF-76803DF9B062}.Debug|Any CPU.Deploy.0 = Debug|Any CPU
		{C64D00BC-9E54-4974-A9CF-76803DF9B062}.Debug|ARM.ActiveCfg = Debug|Any CPU
		{C64D00BC-9E54-4974-A9CF-76803DF9B062}.Debug|ARM.Build.0 = Debug|Any CPU
		{C64D00BC-9E54-4974-A9CF-76803DF9B062}.Debug|ARM.Deploy.0 = Debug|Any CPU
		{C64D00BC-9E54-4974-A9CF-76803DF9B062}.Debug|iPhone.ActiveCfg = Debug|Any CPU
		{C64D00BC-9E54-4974-A9CF-76803DF9B062}.Debug|iPhone.Build.0 = Debug|Any CPU
		{C64D00BC-9E54-4974-A9CF-76803DF9B062}.Debug|iPhone.Deploy.0 = Debug|Any CPU
		{C64D00BC-9E54-4974-A9CF-76803DF9B062}.Debug|iPhoneSimulator.ActiveCfg = Debug|Any CPU
		{C64D00BC-9E54-4974-A9CF-76803DF9B062}.Debug|iPhoneSimulator.Build.0 = Debug|Any CPU
		{C64D00BC-9E54-4974-A9CF-76803DF9B062}.Debug|iPhoneSimulator.Deploy.0 = Debug|Any CPU
		{C64D00BC-9E54-4974-A9CF-76803DF9B062}.Debug|x64.ActiveCfg = Debug|Any CPU
		{C64D00BC-9E54-4974-A9CF-76803DF9B062}.Debug|x64.Build.0 = Debug|Any CPU
		{C64D00BC-9E54-4974-A9CF-76803DF9B062}.Debug|x64.Deploy.0 = Debug|Any CPU
		{C64D00BC-9E54-4974-A9CF-76803DF9B062}.Debug|x86.ActiveCfg = Debug|Any CPU
		{C64D00BC-9E54-4974-A9CF-76803DF9B062}.Debug|x86.Build.0 = Debug|Any CPU
		{C64D00BC-9E54-4974-A9CF-76803DF9B062}.Debug|x86.Deploy.0 = Debug|Any CPU
		{C64D00BC-9E54-4974-A9CF-76803DF9B062}.Release|Any CPU.ActiveCfg = Release|Any CPU
		{C64D00BC-9E54-4974-A9CF-76803DF9B062}.Release|Any CPU.Build.0 = Release|Any CPU
		{C64D00BC-9E54-4974-A9CF-76803DF9B062}.Release|Any CPU.Deploy.0 = Release|Any CPU
		{C64D00BC-9E54-4974-A9CF-76803DF9B062}.Release|ARM.ActiveCfg = Release|Any CPU
		{C64D00BC-9E54-4974-A9CF-76803DF9B062}.Release|ARM.Build.0 = Release|Any CPU
		{C64D00BC-9E54-4974-A9CF-76803DF9B062}.Release|ARM.Deploy.0 = Release|Any CPU
		{C64D00BC-9E54-4974-A9CF-76803DF9B062}.Release|iPhone.ActiveCfg = Release|Any CPU
		{C64D00BC-9E54-4974-A9CF-76803DF9B062}.Release|iPhone.Build.0 = Release|Any CPU
		{C64D00BC-9E54-4974-A9CF-76803DF9B062}.Release|iPhone.Deploy.0 = Release|Any CPU
		{C64D00BC-9E54-4974-A9CF-76803DF9B062}.Release|iPhoneSimulator.ActiveCfg = Release|Any CPU
		{C64D00BC-9E54-4974-A9CF-76803DF9B062}.Release|iPhoneSimulator.Build.0 = Release|Any CPU
		{C64D00BC-9E54-4974-A9CF-76803DF9B062}.Release|iPhoneSimulator.Deploy.0 = Release|Any CPU
		{C64D00BC-9E54-4974-A9CF-76803DF9B062}.Release|x64.ActiveCfg = Release|Any CPU
		{C64D00BC-9E54-4974-A9CF-76803DF9B062}.Release|x64.Build.0 = Release|Any CPU
		{C64D00BC-9E54-4974-A9CF-76803DF9B062}.Release|x64.Deploy.0 = Release|Any CPU
		{C64D00BC-9E54-4974-A9CF-76803DF9B062}.Release|x86.ActiveCfg = Release|Any CPU
		{C64D00BC-9E54-4974-A9CF-76803DF9B062}.Release|x86.Build.0 = Release|Any CPU
		{C64D00BC-9E54-4974-A9CF-76803DF9B062}.Release|x86.Deploy.0 = Release|Any CPU
		{59C68A0A-B3E2-441E-8EE5-D188774ED14D}.Debug|Any CPU.ActiveCfg = Debug|iPhone
		{59C68A0A-B3E2-441E-8EE5-D188774ED14D}.Debug|Any CPU.Build.0 = Debug|iPhone
		{59C68A0A-B3E2-441E-8EE5-D188774ED14D}.Debug|Any CPU.Deploy.0 = Debug|iPhone
		{59C68A0A-B3E2-441E-8EE5-D188774ED14D}.Debug|ARM.ActiveCfg = Debug|iPhoneSimulator
		{59C68A0A-B3E2-441E-8EE5-D188774ED14D}.Debug|ARM.Build.0 = Debug|iPhoneSimulator
		{59C68A0A-B3E2-441E-8EE5-D188774ED14D}.Debug|ARM.Deploy.0 = Debug|iPhoneSimulator
		{59C68A0A-B3E2-441E-8EE5-D188774ED14D}.Debug|iPhone.ActiveCfg = Debug|iPhone
		{59C68A0A-B3E2-441E-8EE5-D188774ED14D}.Debug|iPhone.Build.0 = Debug|iPhone
		{59C68A0A-B3E2-441E-8EE5-D188774ED14D}.Debug|iPhone.Deploy.0 = Debug|iPhone
		{59C68A0A-B3E2-441E-8EE5-D188774ED14D}.Debug|iPhoneSimulator.ActiveCfg = Debug|iPhoneSimulator
		{59C68A0A-B3E2-441E-8EE5-D188774ED14D}.Debug|iPhoneSimulator.Build.0 = Debug|iPhoneSimulator
		{59C68A0A-B3E2-441E-8EE5-D188774ED14D}.Debug|iPhoneSimulator.Deploy.0 = Debug|iPhoneSimulator
		{59C68A0A-B3E2-441E-8EE5-D188774ED14D}.Debug|x64.ActiveCfg = Debug|iPhone
		{59C68A0A-B3E2-441E-8EE5-D188774ED14D}.Debug|x64.Build.0 = Debug|iPhone
		{59C68A0A-B3E2-441E-8EE5-D188774ED14D}.Debug|x64.Deploy.0 = Debug|iPhone
		{59C68A0A-B3E2-441E-8EE5-D188774ED14D}.Debug|x86.ActiveCfg = Debug|iPhone
		{59C68A0A-B3E2-441E-8EE5-D188774ED14D}.Debug|x86.Build.0 = Debug|iPhone
		{59C68A0A-B3E2-441E-8EE5-D188774ED14D}.Debug|x86.Deploy.0 = Debug|iPhone
		{59C68A0A-B3E2-441E-8EE5-D188774ED14D}.Release|Any CPU.ActiveCfg = Release|iPhone
		{59C68A0A-B3E2-441E-8EE5-D188774ED14D}.Release|Any CPU.Build.0 = Release|iPhone
		{59C68A0A-B3E2-441E-8EE5-D188774ED14D}.Release|Any CPU.Deploy.0 = Release|iPhone
		{59C68A0A-B3E2-441E-8EE5-D188774ED14D}.Release|ARM.ActiveCfg = Release|iPhone
		{59C68A0A-B3E2-441E-8EE5-D188774ED14D}.Release|ARM.Build.0 = Release|iPhone
		{59C68A0A-B3E2-441E-8EE5-D188774ED14D}.Release|ARM.Deploy.0 = Release|iPhone
		{59C68A0A-B3E2-441E-8EE5-D188774ED14D}.Release|iPhone.ActiveCfg = Release|iPhone
		{59C68A0A-B3E2-441E-8EE5-D188774ED14D}.Release|iPhone.Build.0 = Release|iPhone
		{59C68A0A-B3E2-441E-8EE5-D188774ED14D}.Release|iPhone.Deploy.0 = Release|iPhone
		{59C68A0A-B3E2-441E-8EE5-D188774ED14D}.Release|iPhoneSimulator.ActiveCfg = Release|iPhoneSimulator
		{59C68A0A-B3E2-441E-8EE5-D188774ED14D}.Release|iPhoneSimulator.Build.0 = Release|iPhoneSimulator
		{59C68A0A-B3E2-441E-8EE5-D188774ED14D}.Release|iPhoneSimulator.Deploy.0 = Release|iPhoneSimulator
		{59C68A0A-B3E2-441E-8EE5-D188774ED14D}.Release|x64.ActiveCfg = Release|iPhone
		{59C68A0A-B3E2-441E-8EE5-D188774ED14D}.Release|x64.Build.0 = Release|iPhone
		{59C68A0A-B3E2-441E-8EE5-D188774ED14D}.Release|x64.Deploy.0 = Release|iPhone
		{59C68A0A-B3E2-441E-8EE5-D188774ED14D}.Release|x86.ActiveCfg = Release|iPhone
		{59C68A0A-B3E2-441E-8EE5-D188774ED14D}.Release|x86.Build.0 = Release|iPhone
		{59C68A0A-B3E2-441E-8EE5-D188774ED14D}.Release|x86.Deploy.0 = Release|iPhone
		{D378A8D1-E9BD-492E-B926-7EBED5C58CD3}.Debug|Any CPU.ActiveCfg = Debug|Any CPU
		{D378A8D1-E9BD-492E-B926-7EBED5C58CD3}.Debug|Any CPU.Build.0 = Debug|Any CPU
		{D378A8D1-E9BD-492E-B926-7EBED5C58CD3}.Debug|Any CPU.Deploy.0 = Debug|Any CPU
		{D378A8D1-E9BD-492E-B926-7EBED5C58CD3}.Debug|ARM.ActiveCfg = Debug|Any CPU
		{D378A8D1-E9BD-492E-B926-7EBED5C58CD3}.Debug|ARM.Build.0 = Debug|Any CPU
		{D378A8D1-E9BD-492E-B926-7EBED5C58CD3}.Debug|ARM.Deploy.0 = Debug|Any CPU
		{D378A8D1-E9BD-492E-B926-7EBED5C58CD3}.Debug|iPhone.ActiveCfg = Debug|Any CPU
		{D378A8D1-E9BD-492E-B926-7EBED5C58CD3}.Debug|iPhone.Build.0 = Debug|Any CPU
		{D378A8D1-E9BD-492E-B926-7EBED5C58CD3}.Debug|iPhone.Deploy.0 = Debug|Any CPU
		{D378A8D1-E9BD-492E-B926-7EBED5C58CD3}.Debug|iPhoneSimulator.ActiveCfg = Debug|Any CPU
		{D378A8D1-E9BD-492E-B926-7EBED5C58CD3}.Debug|iPhoneSimulator.Build.0 = Debug|Any CPU
		{D378A8D1-E9BD-492E-B926-7EBED5C58CD3}.Debug|iPhoneSimulator.Deploy.0 = Debug|Any CPU
		{D378A8D1-E9BD-492E-B926-7EBED5C58CD3}.Debug|x64.ActiveCfg = Debug|Any CPU
		{D378A8D1-E9BD-492E-B926-7EBED5C58CD3}.Debug|x64.Build.0 = Debug|Any CPU
		{D378A8D1-E9BD-492E-B926-7EBED5C58CD3}.Debug|x64.Deploy.0 = Debug|Any CPU
		{D378A8D1-E9BD-492E-B926-7EBED5C58CD3}.Debug|x86.ActiveCfg = Debug|Any CPU
		{D378A8D1-E9BD-492E-B926-7EBED5C58CD3}.Debug|x86.Build.0 = Debug|Any CPU
		{D378A8D1-E9BD-492E-B926-7EBED5C58CD3}.Debug|x86.Deploy.0 = Debug|Any CPU
		{D378A8D1-E9BD-492E-B926-7EBED5C58CD3}.Release|Any CPU.ActiveCfg = Release|Any CPU
		{D378A8D1-E9BD-492E-B926-7EBED5C58CD3}.Release|Any CPU.Build.0 = Release|Any CPU
		{D378A8D1-E9BD-492E-B926-7EBED5C58CD3}.Release|Any CPU.Deploy.0 = Release|Any CPU
		{D378A8D1-E9BD-492E-B926-7EBED5C58CD3}.Release|ARM.ActiveCfg = Release|Any CPU
		{D378A8D1-E9BD-492E-B926-7EBED5C58CD3}.Release|ARM.Build.0 = Release|Any CPU
		{D378A8D1-E9BD-492E-B926-7EBED5C58CD3}.Release|ARM.Deploy.0 = Release|Any CPU
		{D378A8D1-E9BD-492E-B926-7EBED5C58CD3}.Release|iPhone.ActiveCfg = Release|Any CPU
		{D378A8D1-E9BD-492E-B926-7EBED5C58CD3}.Release|iPhone.Build.0 = Release|Any CPU
		{D378A8D1-E9BD-492E-B926-7EBED5C58CD3}.Release|iPhone.Deploy.0 = Release|Any CPU
		{D378A8D1-E9BD-492E-B926-7EBED5C58CD3}.Release|iPhoneSimulator.ActiveCfg = Release|Any CPU
		{D378A8D1-E9BD-492E-B926-7EBED5C58CD3}.Release|iPhoneSimulator.Build.0 = Release|Any CPU
		{D378A8D1-E9BD-492E-B926-7EBED5C58CD3}.Release|iPhoneSimulator.Deploy.0 = Release|Any CPU
		{D378A8D1-E9BD-492E-B926-7EBED5C58CD3}.Release|x64.ActiveCfg = Release|Any CPU
		{D378A8D1-E9BD-492E-B926-7EBED5C58CD3}.Release|x64.Build.0 = Release|Any CPU
		{D378A8D1-E9BD-492E-B926-7EBED5C58CD3}.Release|x64.Deploy.0 = Release|Any CPU
		{D378A8D1-E9BD-492E-B926-7EBED5C58CD3}.Release|x86.ActiveCfg = Release|Any CPU
		{D378A8D1-E9BD-492E-B926-7EBED5C58CD3}.Release|x86.Build.0 = Release|Any CPU
		{D378A8D1-E9BD-492E-B926-7EBED5C58CD3}.Release|x86.Deploy.0 = Release|Any CPU
	EndGlobalSection
	GlobalSection(SolutionProperties) = preSolution
		HideSolutionNode = FALSE
	EndGlobalSection
	GlobalSection(ExtensibilityGlobals) = postSolution
		SolutionGuid = {CFEE4C7F-627C-44ED-A9D0-478A8000CD92}
	EndGlobalSection
EndGlobal
